
Microsoft Visual Studio Solution File, Format Version 12.00
# Visual Studio Version 17
VisualStudioVersion = 17.6.33723.286
MinimumVisualStudioVersion = 10.0.40219.1
Project("{8BC9CEB8-8B4A-11D0-8D11-00A0C91BC942}") = "test2", "test2.vcxproj", "{64B832F5-6B8D-432E-B11A-09F791435FCF}"
EndProject
Global
	GlobalSection(SolutionConfigurationPlatforms) = preSolution
		Debug|x64 = Debug|x64
		Debug|x86 = Debug|x86
		Release|x64 = Release|x64
		Release|x86 = Release|x86
	EndGlobalSection
	GlobalSection(ProjectConfigurationPlatforms) = postSolution
		{64B832F5-6B8D-432E-B11A-09F791435FCF}.Debug|x64.ActiveCfg = Debug|x64
		{64B832F5-6B8D-432E-B11A-09F791435FCF}.Debug|x64.Build.0 = Debug|x64
		{64B832F5-6B8D-432E-B11A-09F791435FCF}.Debug|x86.ActiveCfg = Debug|Win32
		{64B832F5-6B8D-432E-B11A-09F791435FCF}.Debug|x86.Build.0 = Debug|Win32
		{64B832F5-6B8D-432E-B11A-09F791435FCF}.Release|x64.ActiveCfg = Release|x64
		{64B832F5-6B8D-432E-B11A-09F791435FCF}.Release|x64.Build.0 = Release|x64
		{64B832F5-6B8D-432E-B11A-09F791435FCF}.Release|x86.ActiveCfg = Release|Win32
		{64B832F5-6B8D-432E-B11A-09F791435FCF}.Release|x86.Build.0 = Release|Win32
	EndGlobalSection
	GlobalSection(SolutionProperties) = preSolution
		HideSolutionNode = FALSE
	EndGlobalSection
	GlobalSection(ExtensibilityGlobals) = postSolution
		SolutionGuid = {00E5F7FE-6D11-4865-8B5B-964DF1769E8C}
	EndGlobalSection
EndGlobal
