
Microsoft Visual Studio Solution File, Format Version 12.00
# Visual Studio Version 17
VisualStudioVersion = 17.6.33723.286
MinimumVisualStudioVersion = 10.0.40219.1
Project("{8BC9CEB8-8B4A-11D0-8D11-00A0C91BC942}") = "WS7", "WS7.vcxproj", "{5A9DAB5D-EE12-4394-8533-DFCF937563EF}"
EndProject
Global
	GlobalSection(SolutionConfigurationPlatforms) = preSolution
		Debug|x64 = Debug|x64
		Debug|x86 = Debug|x86
		Release|x64 = Release|x64
		Release|x86 = Release|x86
	EndGlobalSection
	GlobalSection(ProjectConfigurationPlatforms) = postSolution
		{5A9DAB5D-EE12-4394-8533-DFCF937563EF}.Debug|x64.ActiveCfg = Debug|x64
		{5A9DAB5D-EE12-4394-8533-DFCF937563EF}.Debug|x64.Build.0 = Debug|x64
		{5A9DAB5D-EE12-4394-8533-DFCF937563EF}.Debug|x86.ActiveCfg = Debug|Win32
		{5A9DAB5D-EE12-4394-8533-DFCF937563EF}.Debug|x86.Build.0 = Debug|Win32
		{5A9DAB5D-EE12-4394-8533-DFCF937563EF}.Release|x64.ActiveCfg = Release|x64
		{5A9DAB5D-EE12-4394-8533-DFCF937563EF}.Release|x64.Build.0 = Release|x64
		{5A9DAB5D-EE12-4394-8533-DFCF937563EF}.Release|x86.ActiveCfg = Release|Win32
		{5A9DAB5D-EE12-4394-8533-DFCF937563EF}.Release|x86.Build.0 = Release|Win32
	EndGlobalSection
	GlobalSection(SolutionProperties) = preSolution
		HideSolutionNode = FALSE
	EndGlobalSection
	GlobalSection(ExtensibilityGlobals) = postSolution
		SolutionGuid = {0194AF1D-96DF-4668-96A5-2F69BD9FBB1C}
	EndGlobalSection
EndGlobal
